
Microsoft Visual Studio Solution File, Format Version 12.00
# Visual Studio Version 17
VisualStudioVersion = 17.7.34031.279
MinimumVisualStudioVersion = 10.0.40219.1
Project("{FAE04EC0-301F-11D3-BF4B-00C04F79EFBC}") = "18-12", "18-12\18-12.csproj", "{333C9F8F-A0A8-4769-AA17-B97F01B52D87}"
EndProject
Global
	GlobalSection(SolutionConfigurationPlatforms) = preSolution
		Debug|Any CPU = Debug|Any CPU
		Release|Any CPU = Release|Any CPU
	EndGlobalSection
	GlobalSection(ProjectConfigurationPlatforms) = postSolution
		{333C9F8F-A0A8-4769-AA17-B97F01B52D87}.Debug|Any CPU.ActiveCfg = Debug|Any CPU
		{333C9F8F-A0A8-4769-AA17-B97F01B52D87}.Debug|Any CPU.Build.0 = Debug|Any CPU
		{333C9F8F-A0A8-4769-AA17-B97F01B52D87}.Release|Any CPU.ActiveCfg = Release|Any CPU
		{333C9F8F-A0A8-4769-AA17-B97F01B52D87}.Release|Any CPU.Build.0 = Release|Any CPU
	EndGlobalSection
	GlobalSection(SolutionProperties) = preSolution
		HideSolutionNode = FALSE
	EndGlobalSection
	GlobalSection(ExtensibilityGlobals) = postSolution
		SolutionGuid = {E24FB0E9-D2BC-454C-85B6-30EBBD7F7273}
	EndGlobalSection
EndGlobal
